// !$*UTF8*$!
{
	archiveVersion = 1;
	classes = {
	};
	objectVersion = 51;
	objects = {

/* Begin PBXBuildFile section */
		4F3F9C3522FBC8F3000EFC55 /* ProfileViewController.swift in Sources */ = {isa = PBXBuildFile; fileRef = 4F3F9C3422FBC8F3000EFC55 /* ProfileViewController.swift */; };
		4F63650122FA6E2E00EA6502 /* AppDelegate.swift in Sources */ = {isa = PBXBuildFile; fileRef = 4F63650022FA6E2E00EA6502 /* AppDelegate.swift */; };
		4F63650322FA6E2E00EA6502 /* ViewController.swift in Sources */ = {isa = PBXBuildFile; fileRef = 4F63650222FA6E2E00EA6502 /* ViewController.swift */; };
		4F63650622FA6E2E00EA6502 /* Main.storyboard in Resources */ = {isa = PBXBuildFile; fileRef = 4F63650422FA6E2E00EA6502 /* Main.storyboard */; };
		4F63650822FA6E3100EA6502 /* Assets.xcassets in Resources */ = {isa = PBXBuildFile; fileRef = 4F63650722FA6E3100EA6502 /* Assets.xcassets */; };
		4F63650B22FA6E3100EA6502 /* LaunchScreen.storyboard in Resources */ = {isa = PBXBuildFile; fileRef = 4F63650922FA6E3100EA6502 /* LaunchScreen.storyboard */; };
		4F63651322FA717300EA6502 /* GoogleService-Info.plist in Resources */ = {isa = PBXBuildFile; fileRef = 4F63651222FA717300EA6502 /* GoogleService-Info.plist */; };
		6697A662FA4005787318EF3E /* Pods_GoogleSignInProject.framework in Frameworks */ = {isa = PBXBuildFile; fileRef = 0D4DA5E954FD73EA90EC3B7D /* Pods_GoogleSignInProject.framework */; };
/* End PBXBuildFile section */

/* Begin PBXFileReference section */
		0D4DA5E954FD73EA90EC3B7D /* Pods_GoogleSignInProject.framework */ = {isa = PBXFileReference; explicitFileType = wrapper.framework; includeInIndex = 0; path = Pods_GoogleSignInProject.framework; sourceTree = BUILT_PRODUCTS_DIR; };
		4F3F9C3422FBC8F3000EFC55 /* ProfileViewController.swift */ = {isa = PBXFileReference; lastKnownFileType = sourcecode.swift; path = ProfileViewController.swift; sourceTree = "<group>"; };
		4F6364FD22FA6E2E00EA6502 /* GoogleSignInProject.app */ = {isa = PBXFileReference; explicitFileType = wrapper.application; includeInIndex = 0; path = GoogleSignInProject.app; sourceTree = BUILT_PRODUCTS_DIR; };
		4F63650022FA6E2E00EA6502 /* AppDelegate.swift */ = {isa = PBXFileReference; lastKnownFileType = sourcecode.swift; path = AppDelegate.swift; sourceTree = "<group>"; };
		4F63650222FA6E2E00EA6502 /* ViewController.swift */ = {isa = PBXFileReference; lastKnownFileType = sourcecode.swift; path = ViewController.swift; sourceTree = "<group>"; };
		4F63650522FA6E2E00EA6502 /* Base */ = {isa = PBXFileReference; lastKnownFileType = file.storyboard; name = Base; path = Base.lproj/Main.storyboard; sourceTree = "<group>"; };
		4F63650722FA6E3100EA6502 /* Assets.xcassets */ = {isa = PBXFileReference; lastKnownFileType = folder.assetcatalog; path = Assets.xcassets; sourceTree = "<group>"; };
		4F63650A22FA6E3100EA6502 /* Base */ = {isa = PBXFileReference; lastKnownFileType = file.storyboard; name = Base; path = Base.lproj/LaunchScreen.storyboard; sourceTree = "<group>"; };
		4F63650C22FA6E3100EA6502 /* Info.plist */ = {isa = PBXFileReference; lastKnownFileType = text.plist.xml; path = Info.plist; sourceTree = "<group>"; };
		4F63651222FA717300EA6502 /* GoogleService-Info.plist */ = {isa = PBXFileReference; fileEncoding = 4; lastKnownFileType = text.plist.xml; path = "GoogleService-Info.plist"; sourceTree = "<group>"; };
		778D12B1A02E4169A2595A8A /* Pods-GoogleSignInProject.debug.xcconfig */ = {isa = PBXFileReference; includeInIndex = 1; lastKnownFileType = text.xcconfig; name = "Pods-GoogleSignInProject.debug.xcconfig"; path = "Target Support Files/Pods-GoogleSignInProject/Pods-GoogleSignInProject.debug.xcconfig"; sourceTree = "<group>"; };
		AA14DFC3E342AFB90DE86F89 /* Pods-GoogleSignInProject.release.xcconfig */ = {isa = PBXFileReference; includeInIndex = 1; lastKnownFileType = text.xcconfig; name = "Pods-GoogleSignInProject.release.xcconfig"; path = "Target Support Files/Pods-GoogleSignInProject/Pods-GoogleSignInProject.release.xcconfig"; sourceTree = "<group>"; };
/* End PBXFileReference section */

/* Begin PBXFrameworksBuildPhase section */
		4F6364FA22FA6E2E00EA6502 /* Frameworks */ = {
			isa = PBXFrameworksBuildPhase;
			buildActionMask = 2147483647;
			files = (
				6697A662FA4005787318EF3E /* Pods_GoogleSignInProject.framework in Frameworks */,
			);
			runOnlyForDeploymentPostprocessing = 0;
		};
/* End PBXFrameworksBuildPhase section */

/* Begin PBXGroup section */
		4EBAB221EB30EABE22A084BD /* Pods */ = {
			isa = PBXGroup;
			children = (
				778D12B1A02E4169A2595A8A /* Pods-GoogleSignInProject.debug.xcconfig */,
				AA14DFC3E342AFB90DE86F89 /* Pods-GoogleSignInProject.release.xcconfig */,
			);
			path = Pods;
			sourceTree = "<group>";
		};
		4F6364F422FA6E2E00EA6502 = {
			isa = PBXGroup;
			children = (
				4F6364FF22FA6E2E00EA6502 /* GoogleSignInProject */,
				4F6364FE22FA6E2E00EA6502 /* Products */,
				4EBAB221EB30EABE22A084BD /* Pods */,
				C869DE1369615863C63EDF4F /* Frameworks */,
			);
			sourceTree = "<group>";
		};
		4F6364FE22FA6E2E00EA6502 /* Products */ = {
			isa = PBXGroup;
			children = (
				4F6364FD22FA6E2E00EA6502 /* GoogleSignInProject.app */,
			);
			name = Products;
			sourceTree = "<group>";
		};
		4F6364FF22FA6E2E00EA6502 /* GoogleSignInProject */ = {
			isa = PBXGroup;
			children = (
				4F63650022FA6E2E00EA6502 /* AppDelegate.swift */,
				4F63650222FA6E2E00EA6502 /* ViewController.swift */,
				4F63650422FA6E2E00EA6502 /* Main.storyboard */,
				4F3F9C3422FBC8F3000EFC55 /* ProfileViewController.swift */,
				4F63650722FA6E3100EA6502 /* Assets.xcassets */,
				4F63650922FA6E3100EA6502 /* LaunchScreen.storyboard */,
				4F63650C22FA6E3100EA6502 /* Info.plist */,
				4F63651222FA717300EA6502 /* GoogleService-Info.plist */,
			);
			path = GoogleSignInProject;
			sourceTree = "<group>";
		};
		C869DE1369615863C63EDF4F /* Frameworks */ = {
			isa = PBXGroup;
			children = (
				0D4DA5E954FD73EA90EC3B7D /* Pods_GoogleSignInProject.framework */,
			);
			name = Frameworks;
			sourceTree = "<group>";
		};
/* End PBXGroup section */

/* Begin PBXNativeTarget section */
		4F6364FC22FA6E2E00EA6502 /* GoogleSignInProject */ = {
			isa = PBXNativeTarget;
			buildConfigurationList = 4F63650F22FA6E3100EA6502 /* Build configuration list for PBXNativeTarget "GoogleSignInProject" */;
			buildPhases = (
				9B126BE3EEA171548E244A7E /* [CP] Check Pods Manifest.lock */,
				4F6364F922FA6E2E00EA6502 /* Sources */,
				4F6364FA22FA6E2E00EA6502 /* Frameworks */,
				4F6364FB22FA6E2E00EA6502 /* Resources */,
				DAFC6A9AF47691548524BFC9 /* [CP] Embed Pods Frameworks */,
				BF67FB9FDFA2ADA2515B35CB /* [CP] Copy Pods Resources */,
			);
			buildRules = (
			);
			dependencies = (
			);
			name = GoogleSignInProject;
			productName = GoogleSignInProject;
			productReference = 4F6364FD22FA6E2E00EA6502 /* GoogleSignInProject.app */;
			productType = "com.apple.product-type.application";
		};
/* End PBXNativeTarget section */

/* Begin PBXProject section */
		4F6364F522FA6E2E00EA6502 /* Project object */ = {
			isa = PBXProject;
			attributes = {
				LastSwiftUpdateCheck = 1020;
				LastUpgradeCheck = 1020;
				ORGANIZATIONNAME = "渡邉舜也";
				TargetAttributes = {
					4F6364FC22FA6E2E00EA6502 = {
						CreatedOnToolsVersion = 10.2.1;
					};
				};
			};
			buildConfigurationList = 4F6364F822FA6E2E00EA6502 /* Build configuration list for PBXProject "GoogleSignInProject" */;
			compatibilityVersion = "Xcode 9.3";
			developmentRegion = en;
			hasScannedForEncodings = 0;
			knownRegions = (
				en,
				Base,
			);
			mainGroup = 4F6364F422FA6E2E00EA6502;
			productRefGroup = 4F6364FE22FA6E2E00EA6502 /* Products */;
			projectDirPath = "";
			projectRoot = "";
			targets = (
				4F6364FC22FA6E2E00EA6502 /* GoogleSignInProject */,
			);
		};
/* End PBXProject section */

/* Begin PBXResourcesBuildPhase section */
		4F6364FB22FA6E2E00EA6502 /* Resources */ = {
			isa = PBXResourcesBuildPhase;
			buildActionMask = 2147483647;
			files = (
				4F63650B22FA6E3100EA6502 /* LaunchScreen.storyboard in Resources */,
				4F63650822FA6E3100EA6502 /* Assets.xcassets in Resources */,
				4F63650622FA6E2E00EA6502 /* Main.storyboard in Resources */,
				4F63651322FA717300EA6502 /* GoogleService-Info.plist in Resources */,
			);
			runOnlyForDeploymentPostprocessing = 0;
		};
/* End PBXResourcesBuildPhase section */

/* Begin PBXShellScriptBuildPhase section */
		9B126BE3EEA171548E244A7E /* [CP] Check Pods Manifest.lock */ = {
			isa = PBXShellScriptBuildPhase;
			buildActionMask = 2147483647;
			files = (
			);
			inputFileListPaths = (
			);
			inputPaths = (
				"${PODS_PODFILE_DIR_PATH}/Podfile.lock",
				"${PODS_ROOT}/Manifest.lock",
			);
			name = "[CP] Check Pods Manifest.lock";
			outputFileListPaths = (
			);
			outputPaths = (
				"$(DERIVED_FILE_DIR)/Pods-GoogleSignInProject-checkManifestLockResult.txt",
			);
			runOnlyForDeploymentPostprocessing = 0;
			shellPath = /bin/sh;
			shellScript = "diff \"${PODS_PODFILE_DIR_PATH}/Podfile.lock\" \"${PODS_ROOT}/Manifest.lock\" > /dev/null\nif [ $? != 0 ] ; then\n    # print error to STDERR\n    echo \"error: The sandbox is not in sync with the Podfile.lock. Run 'pod install' or update your CocoaPods installation.\" >&2\n    exit 1\nfi\n# This output is used by Xcode 'outputs' to avoid re-running this script phase.\necho \"SUCCESS\" > \"${SCRIPT_OUTPUT_FILE_0}\"\n";
			showEnvVarsInLog = 0;
		};
		BF67FB9FDFA2ADA2515B35CB /* [CP] Copy Pods Resources */ = {
			isa = PBXShellScriptBuildPhase;
			buildActionMask = 2147483647;
			files = (
			);
			inputFileListPaths = (
				"${PODS_ROOT}/Target Support Files/Pods-GoogleSignInProject/Pods-GoogleSignInProject-resources-${CONFIGURATION}-input-files.xcfilelist",
			);
			name = "[CP] Copy Pods Resources";
			outputFileListPaths = (
				"${PODS_ROOT}/Target Support Files/Pods-GoogleSignInProject/Pods-GoogleSignInProject-resources-${CONFIGURATION}-output-files.xcfilelist",
			);
			runOnlyForDeploymentPostprocessing = 0;
			shellPath = /bin/sh;
			shellScript = "\"${PODS_ROOT}/Target Support Files/Pods-GoogleSignInProject/Pods-GoogleSignInProject-resources.sh\"\n";
			showEnvVarsInLog = 0;
		};
		DAFC6A9AF47691548524BFC9 /* [CP] Embed Pods Frameworks */ = {
			isa = PBXShellScriptBuildPhase;
			buildActionMask = 2147483647;
			files = (
			);
			inputFileListPaths = (
				"${PODS_ROOT}/Target Support Files/Pods-GoogleSignInProject/Pods-GoogleSignInProject-frameworks-${CONFIGURATION}-input-files.xcfilelist",
			);
			name = "[CP] Embed Pods Frameworks";
			outputFileListPaths = (
				"${PODS_ROOT}/Target Support Files/Pods-GoogleSignInProject/Pods-GoogleSignInProject-frameworks-${CONFIGURATION}-output-files.xcfilelist",
			);
			runOnlyForDeploymentPostprocessing = 0;
			shellPath = /bin/sh;
			shellScript = "\"${PODS_ROOT}/Target Support Files/Pods-GoogleSignInProject/Pods-GoogleSignInProject-frameworks.sh\"\n";
			showEnvVarsInLog = 0;
		};
/* End PBXShellScriptBuildPhase section */

/* Begin PBXSourcesBuildPhase section */
		4F6364F922FA6E2E00EA6502 /* Sources */ = {
			isa = PBXSourcesBuildPhase;
			buildActionMask = 2147483647;
			files = (
				4F3F9C3522FBC8F3000EFC55 /* ProfileViewController.swift in Sources */,
				4F63650322FA6E2E00EA6502 /* ViewController.swift in Sources */,
				4F63650122FA6E2E00EA6502 /* AppDelegate.swift in Sources */,
			);
			runOnlyForDeploymentPostprocessing = 0;
		};
/* End PBXSourcesBuildPhase section */

/* Begin PBXVariantGroup section */
		4F63650422FA6E2E00EA6502 /* Main.storyboard */ = {
			isa = PBXVariantGroup;
			children = (
				4F63650522FA6E2E00EA6502 /* Base */,
			);
			name = Main.storyboard;
			sourceTree = "<group>";
		};
		4F63650922FA6E3100EA6502 /* LaunchScreen.storyboard */ = {
			isa = PBXVariantGroup;
			children = (
				4F63650A22FA6E3100EA6502 /* Base */,
			);
			name = LaunchScreen.storyboard;
			sourceTree = "<group>";
		};
/* End PBXVariantGroup section */

/* Begin XCBuildConfiguration section */
		4F63650D22FA6E3100EA6502 /* Debug */ = {
			isa = XCBuildConfiguration;
			buildSettings = {
				ALWAYS_SEARCH_USER_PATHS = NO;
				CLANG_ANALYZER_NONNULL = YES;
				CLANG_ANALYZER_NUMBER_OBJECT_CONVERSION = YES_AGGRESSIVE;
				CLANG_CXX_LANGUAGE_STANDARD = "gnu++14";
				CLANG_CXX_LIBRARY = "libc++";
				CLANG_ENABLE_MODULES = YES;
				CLANG_ENABLE_OBJC_ARC = YES;
				CLANG_ENABLE_OBJC_WEAK = YES;
				CLANG_WARN_BLOCK_CAPTURE_AUTORELEASING = YES;
				CLANG_WARN_BOOL_CONVERSION = YES;
				CLANG_WARN_COMMA = YES;
				CLANG_WARN_CONSTANT_CONVERSION = YES;
				CLANG_WARN_DEPRECATED_OBJC_IMPLEMENTATIONS = YES;
				CLANG_WARN_DIRECT_OBJC_ISA_USAGE = YES_ERROR;
				CLANG_WARN_DOCUMENTATION_COMMENTS = YES;
				CLANG_WARN_EMPTY_BODY = YES;
				CLANG_WARN_ENUM_CONVERSION = YES;
				CLANG_WARN_INFINITE_RECURSION = YES;
				CLANG_WARN_INT_CONVERSION = YES;
				CLANG_WARN_NON_LITERAL_NULL_CONVERSION = YES;
				CLANG_WARN_OBJC_IMPLICIT_RETAIN_SELF = YES;
				CLANG_WARN_OBJC_LITERAL_CONVERSION = YES;
				CLANG_WARN_OBJC_ROOT_CLASS = YES_ERROR;
				CLANG_WARN_RANGE_LOOP_ANALYSIS = YES;
				CLANG_WARN_STRICT_PROTOTYPES = YES;
				CLANG_WARN_SUSPICIOUS_MOVE = YES;
				CLANG_WARN_UNGUARDED_AVAILABILITY = YES_AGGRESSIVE;
				CLANG_WARN_UNREACHABLE_CODE = YES;
				CLANG_WARN__DUPLICATE_METHOD_MATCH = YES;
				CODE_SIGN_IDENTITY = "iPhone Developer";
				COPY_PHASE_STRIP = NO;
				DEBUG_INFORMATION_FORMAT = dwarf;
				ENABLE_STRICT_OBJC_MSGSEND = YES;
				ENABLE_TESTABILITY = YES;
				GCC_C_LANGUAGE_STANDARD = gnu11;
				GCC_DYNAMIC_NO_PIC = NO;
				GCC_NO_COMMON_BLOCKS = YES;
				GCC_OPTIMIZATION_LEVEL = 0;
				GCC_PREPROCESSOR_DEFINITIONS = (
					"DEBUG=1",
					"$(inherited)",
				);
				GCC_WARN_64_TO_32_BIT_CONVERSION = YES;
				GCC_WARN_ABOUT_RETURN_TYPE = YES_ERROR;
				GCC_WARN_UNDECLARED_SELECTOR = YES;
				GCC_WARN_UNINITIALIZED_AUTOS = YES_AGGRESSIVE;
				GCC_WARN_UNUSED_FUNCTION = YES;
				GCC_WARN_UNUSED_VARIABLE = YES;
				IPHONEOS_DEPLOYMENT_TARGET = 12.2;
				MTL_ENABLE_DEBUG_INFO = INCLUDE_SOURCE;
				MTL_FAST_MATH = YES;
				ONLY_ACTIVE_ARCH = YES;
				SDKROOT = iphoneos;
				SWIFT_ACTIVE_COMPILATION_CONDITIONS = DEBUG;
				SWIFT_OPTIMIZATION_LEVEL = "-Onone";
			};
			name = Debug;
		};
		4F63650E22FA6E3100EA6502 /* Release */ = {
			isa = XCBuildConfiguration;
			buildSettings = {
				ALWAYS_SEARCH_USER_PATHS = NO;
				CLANG_ANALYZER_NONNULL = YES;
				CLANG_ANALYZER_NUMBER_OBJECT_CONVERSION = YES_AGGRESSIVE;
				CLANG_CXX_LANGUAGE_STANDARD = "gnu++14";
				CLANG_CXX_LIBRARY = "libc++";
				CLANG_ENABLE_MODULES = YES;
				CLANG_ENABLE_OBJC_ARC = YES;
				CLANG_ENABLE_OBJC_WEAK = YES;
				CLANG_WARN_BLOCK_CAPTURE_AUTORELEASING = YES;
				CLANG_WARN_BOOL_CONVERSION = YES;
				CLANG_WARN_COMMA = YES;
				CLANG_WARN_CONSTANT_CONVERSION = YES;
				CLANG_WARN_DEPRECATED_OBJC_IMPLEMENTATIONS = YES;
				CLANG_WARN_DIRECT_OBJC_ISA_USAGE = YES_ERROR;
				CLANG_WARN_DOCUMENTATION_COMMENTS = YES;
				CLANG_WARN_EMPTY_BODY = YES;
				CLANG_WARN_ENUM_CONVERSION = YES;
				CLANG_WARN_INFINITE_RECURSION = YES;
				CLANG_WARN_INT_CONVERSION = YES;
				CLANG_WARN_NON_LITERAL_NULL_CONVERSION = YES;
				CLANG_WARN_OBJC_IMPLICIT_RETAIN_SELF = YES;
				CLANG_WARN_OBJC_LITERAL_CONVERSION = YES;
				CLANG_WARN_OBJC_ROOT_CLASS = YES_ERROR;
				CLANG_WARN_RANGE_LOOP_ANALYSIS = YES;
				CLANG_WARN_STRICT_PROTOTYPES = YES;
				CLANG_WARN_SUSPICIOUS_MOVE = YES;
				CLANG_WARN_UNGUARDED_AVAILABILITY = YES_AGGRESSIVE;
				CLANG_WARN_UNREACHABLE_CODE = YES;
				CLANG_WARN__DUPLICATE_METHOD_MATCH = YES;
				CODE_SIGN_IDENTITY = "iPhone Developer";
				COPY_PHASE_STRIP = NO;
				DEBUG_INFORMATION_FORMAT = "dwarf-with-dsym";
				ENABLE_NS_ASSERTIONS = NO;
				ENABLE_STRICT_OBJC_MSGSEND = YES;
				GCC_C_LANGUAGE_STANDARD = gnu11;
				GCC_NO_COMMON_BLOCKS = YES;
				GCC_WARN_64_TO_32_BIT_CONVERSION = YES;
				GCC_WARN_ABOUT_RETURN_TYPE = YES_ERROR;
				GCC_WARN_UNDECLARED_SELECTOR = YES;
				GCC_WARN_UNINITIALIZED_AUTOS = YES_AGGRESSIVE;
				GCC_WARN_UNUSED_FUNCTION = YES;
				GCC_WARN_UNUSED_VARIABLE = YES;
				IPHONEOS_DEPLOYMENT_TARGET = 12.2;
				MTL_ENABLE_DEBUG_INFO = NO;
				MTL_FAST_MATH = YES;
				SDKROOT = iphoneos;
				SWIFT_COMPILATION_MODE = wholemodule;
				SWIFT_OPTIMIZATION_LEVEL = "-O";
				VALIDATE_PRODUCT = YES;
			};
			name = Release;
		};
		4F63651022FA6E3100EA6502 /* Debug */ = {
			isa = XCBuildConfiguration;
			baseConfigurationReference = 778D12B1A02E4169A2595A8A /* Pods-GoogleSignInProject.debug.xcconfig */;
			buildSettings = {
				ASSETCATALOG_COMPILER_APPICON_NAME = AppIcon;
				CODE_SIGN_STYLE = Automatic;
				DEVELOPMENT_TEAM = Y33HX5QS7V;
				INFOPLIST_FILE = GoogleSignInProject/Info.plist;
				LD_RUNPATH_SEARCH_PATHS = (
					"$(inherited)",
					"@executable_path/Frameworks",
				);
				PRODUCT_BUNDLE_IDENTIFIER = com.example.GoogleSignInProject;
				PRODUCT_NAME = "$(TARGET_NAME)";
				SWIFT_VERSION = 5.0;
				TARGETED_DEVICE_FAMILY = "1,2";
			};
			name = Debug;
		};
		4F63651122FA6E3100EA6502 /* Release */ = {
			isa = XCBuildConfiguration;
			baseConfigurationReference = AA14DFC3E342AFB90DE86F89 /* Pods-GoogleSignInProject.release.xcconfig */;
			buildSettings = {
				ASSETCATALOG_COMPILER_APPICON_NAME = AppIcon;
				CODE_SIGN_STYLE = Automatic;
				DEVELOPMENT_TEAM = Y33HX5QS7V;
				INFOPLIST_FILE = GoogleSignInProject/Info.plist;
				LD_RUNPATH_SEARCH_PATHS = (
					"$(inherited)",
					"@executable_path/Frameworks",
				);
				PRODUCT_BUNDLE_IDENTIFIER = com.example.GoogleSignInProject;
				PRODUCT_NAME = "$(TARGET_NAME)";
				SWIFT_VERSION = 5.0;
				TARGETED_DEVICE_FAMILY = "1,2";
			};
			name = Release;
		};
/* End XCBuildConfiguration section */

/* Begin XCConfigurationList section */
		4F6364F822FA6E2E00EA6502 /* Build configuration list for PBXProject "GoogleSignInProject" */ = {
			isa = XCConfigurationList;
			buildConfigurations = (
				4F63650D22FA6E3100EA6502 /* Debug */,
				4F63650E22FA6E3100EA6502 /* Release */,
			);
			defaultConfigurationIsVisible = 0;
			defaultConfigurationName = Release;
		};
		4F63650F22FA6E3100EA6502 /* Build configuration list for PBXNativeTarget "GoogleSignInProject" */ = {
			isa = XCConfigurationList;
			buildConfigurations = (
				4F63651022FA6E3100EA6502 /* Debug */,
				4F63651122FA6E3100EA6502 /* Release */,
			);
			defaultConfigurationIsVisible = 0;
			defaultConfigurationName = Release;
		};
/* End XCConfigurationList section */
	};
	rootObject = 4F6364F522FA6E2E00EA6502 /* Project object */;
}
